{
  "name": "lamda-test",
  "version": "1.0.0",
  "lockfileVersion": 2,
  "requires": true,
  "packages": {
    "": {
      "name": "lamda-test",
      "version": "1.0.0",
      "license": "ISC",
      "dependencies": {
        "claudia-api-builder": "^4.1.2"
      },
      "devDependencies": {
        "@types/node": "^18.7.15"
      }
    },
    "node_modules/@types/node": {
      "version": "18.7.15",
      "resolved": "https://registry.npmjs.org/@types/node/-/node-18.7.15.tgz",
      "integrity": "sha512-XnjpaI8Bgc3eBag2Aw4t2Uj/49lLBSStHWfqKvIuXD7FIrZyMLWp8KuAFHAqxMZYTF9l08N1ctUn9YNybZJVmQ==",
      "dev": true
    },
    "node_modules/claudia-api-builder": {
      "version": "4.1.2",
      "resolved": "https://registry.npmjs.org/claudia-api-builder/-/claudia-api-builder-4.1.2.tgz",
      "integrity": "sha512-xXS9ew32KRJSMQGHMTEsvSkd1FTs9GK3JjiBIuxk9EJz2hubryrWiTzsJQvcVcfBYE0fb7bO+ZhH2/fqqG7Acg=="
    }
  },
  "dependencies": {
    "@types/node": {
      "version": "18.7.15",
      "resolved": "https://registry.npmjs.org/@types/node/-/node-18.7.15.tgz",
      "integrity": "sha512-XnjpaI8Bgc3eBag2Aw4t2Uj/49lLBSStHWfqKvIuXD7FIrZyMLWp8KuAFHAqxMZYTF9l08N1ctUn9YNybZJVmQ==",
      "dev": true
    },
    "claudia-api-builder": {
      "version": "4.1.2",
      "resolved": "https://registry.npmjs.org/claudia-api-builder/-/claudia-api-builder-4.1.2.tgz",
      "integrity": "sha512-xXS9ew32KRJSMQGHMTEsvSkd1FTs9GK3JjiBIuxk9EJz2hubryrWiTzsJQvcVcfBYE0fb7bO+ZhH2/fqqG7Acg=="
    }
  }
}
